// !$*UTF8*$!
{
	archiveVersion = 1;
	classes = {
	};
	objectVersion = 56;
	objects = {

/* Begin PBXBuildFile section */
		045326062A00E604006622FD /* AppDelegate.swift in Sources */ = {isa = PBXBuildFile; fileRef = 045326052A00E604006622FD /* AppDelegate.swift */; };
		045326082A00E604006622FD /* SceneDelegate.swift in Sources */ = {isa = PBXBuildFile; fileRef = 045326072A00E604006622FD /* SceneDelegate.swift */; };
		0453260A2A00E604006622FD /* ViewController.swift in Sources */ = {isa = PBXBuildFile; fileRef = 045326092A00E604006622FD /* ViewController.swift */; };
		0453260D2A00E604006622FD /* Main.storyboard in Resources */ = {isa = PBXBuildFile; fileRef = 0453260B2A00E604006622FD /* Main.storyboard */; };
		0453260F2A00E606006622FD /* Assets.xcassets in Resources */ = {isa = PBXBuildFile; fileRef = 0453260E2A00E606006622FD /* Assets.xcassets */; };
		045326122A00E606006622FD /* LaunchScreen.storyboard in Resources */ = {isa = PBXBuildFile; fileRef = 045326102A00E606006622FD /* LaunchScreen.storyboard */; };
		0453261A2A00E63B006622FD /* DataAddViewController.swift in Sources */ = {isa = PBXBuildFile; fileRef = 045326192A00E63B006622FD /* DataAddViewController.swift */; };
		0453261C2A00E94E006622FD /* Student.swift in Sources */ = {isa = PBXBuildFile; fileRef = 0453261B2A00E94E006622FD /* Student.swift */; };
/* End PBXBuildFile section */

/* Begin PBXFileReference section */
		045326022A00E604006622FD /* BackDataPassingUsingClosureWay2.app */ = {isa = PBXFileReference; explicitFileType = wrapper.application; includeInIndex = 0; path = BackDataPassingUsingClosureWay2.app; sourceTree = BUILT_PRODUCTS_DIR; };
		045326052A00E604006622FD /* AppDelegate.swift */ = {isa = PBXFileReference; lastKnownFileType = sourcecode.swift; path = AppDelegate.swift; sourceTree = "<group>"; };
		045326072A00E604006622FD /* SceneDelegate.swift */ = {isa = PBXFileReference; lastKnownFileType = sourcecode.swift; path = SceneDelegate.swift; sourceTree = "<group>"; };
		045326092A00E604006622FD /* ViewController.swift */ = {isa = PBXFileReference; lastKnownFileType = sourcecode.swift; path = ViewController.swift; sourceTree = "<group>"; };
		0453260C2A00E604006622FD /* Base */ = {isa = PBXFileReference; lastKnownFileType = file.storyboard; name = Base; path = Base.lproj/Main.storyboard; sourceTree = "<group>"; };
		0453260E2A00E606006622FD /* Assets.xcassets */ = {isa = PBXFileReference; lastKnownFileType = folder.assetcatalog; path = Assets.xcassets; sourceTree = "<group>"; };
		045326112A00E606006622FD /* Base */ = {isa = PBXFileReference; lastKnownFileType = file.storyboard; name = Base; path = Base.lproj/LaunchScreen.storyboard; sourceTree = "<group>"; };
		045326132A00E606006622FD /* Info.plist */ = {isa = PBXFileReference; lastKnownFileType = text.plist.xml; path = Info.plist; sourceTree = "<group>"; };
		045326192A00E63B006622FD /* DataAddViewController.swift */ = {isa = PBXFileReference; lastKnownFileType = sourcecode.swift; path = DataAddViewController.swift; sourceTree = "<group>"; };
		0453261B2A00E94E006622FD /* Student.swift */ = {isa = PBXFileReference; lastKnownFileType = sourcecode.swift; path = Student.swift; sourceTree = "<group>"; };
/* End PBXFileReference section */

/* Begin PBXFrameworksBuildPhase section */
		045325FF2A00E604006622FD /* Frameworks */ = {
			isa = PBXFrameworksBuildPhase;
			buildActionMask = 2147483647;
			files = (
			);
			runOnlyForDeploymentPostprocessing = 0;
		};
/* End PBXFrameworksBuildPhase section */

/* Begin PBXGroup section */
		045325F92A00E604006622FD = {
			isa = PBXGroup;
			children = (
				045326042A00E604006622FD /* BackDataPassingUsingClosureWay2 */,
				045326032A00E604006622FD /* Products */,
			);
			sourceTree = "<group>";
		};
		045326032A00E604006622FD /* Products */ = {
			isa = PBXGroup;
			children = (
				045326022A00E604006622FD /* BackDataPassingUsingClosureWay2.app */,
			);
			name = Products;
			sourceTree = "<group>";
		};
		045326042A00E604006622FD /* BackDataPassingUsingClosureWay2 */ = {
			isa = PBXGroup;
			children = (
				045326052A00E604006622FD /* AppDelegate.swift */,
				045326072A00E604006622FD /* SceneDelegate.swift */,
				045326092A00E604006622FD /* ViewController.swift */,
				0453260B2A00E604006622FD /* Main.storyboard */,
				045326192A00E63B006622FD /* DataAddViewController.swift */,
				0453261B2A00E94E006622FD /* Student.swift */,
				0453260E2A00E606006622FD /* Assets.xcassets */,
				045326102A00E606006622FD /* LaunchScreen.storyboard */,
				045326132A00E606006622FD /* Info.plist */,
			);
			path = BackDataPassingUsingClosureWay2;
			sourceTree = "<group>";
		};
/* End PBXGroup section */

/* Begin PBXNativeTarget section */
		045326012A00E604006622FD /* BackDataPassingUsingClosureWay2 */ = {
			isa = PBXNativeTarget;
			buildConfigurationList = 045326162A00E606006622FD /* Build configuration list for PBXNativeTarget "BackDataPassingUsingClosureWay2" */;
			buildPhases = (
				045325FE2A00E604006622FD /* Sources */,
				045325FF2A00E604006622FD /* Frameworks */,
				045326002A00E604006622FD /* Resources */,
			);
			buildRules = (
			);
			dependencies = (
			);
			name = BackDataPassingUsingClosureWay2;
			productName = BackDataPassingUsingClosureWay2;
			productReference = 045326022A00E604006622FD /* BackDataPassingUsingClosureWay2.app */;
			productType = "com.apple.product-type.application";
		};
/* End PBXNativeTarget section */

/* Begin PBXProject section */
		045325FA2A00E604006622FD /* Project object */ = {
			isa = PBXProject;
			attributes = {
				BuildIndependentTargetsInParallel = 1;
				LastSwiftUpdateCheck = 1410;
				LastUpgradeCheck = 1410;
				TargetAttributes = {
					045326012A00E604006622FD = {
						CreatedOnToolsVersion = 14.1;
					};
				};
			};
			buildConfigurationList = 045325FD2A00E604006622FD /* Build configuration list for PBXProject "BackDataPassingUsingClosureWay2" */;
			compatibilityVersion = "Xcode 14.0";
			developmentRegion = en;
			hasScannedForEncodings = 0;
			knownRegions = (
				en,
				Base,
			);
			mainGroup = 045325F92A00E604006622FD;
			productRefGroup = 045326032A00E604006622FD /* Products */;
			projectDirPath = "";
			projectRoot = "";
			targets = (
				045326012A00E604006622FD /* BackDataPassingUsingClosureWay2 */,
			);
		};
/* End PBXProject section */

/* Begin PBXResourcesBuildPhase section */
		045326002A00E604006622FD /* Resources */ = {
			isa = PBXResourcesBuildPhase;
			buildActionMask = 2147483647;
			files = (
				045326122A00E606006622FD /* LaunchScreen.storyboard in Resources */,
				0453260F2A00E606006622FD /* Assets.xcassets in Resources */,
				0453260D2A00E604006622FD /* Main.storyboard in Resources */,
			);
			runOnlyForDeploymentPostprocessing = 0;
		};
/* End PBXResourcesBuildPhase section */

/* Begin PBXSourcesBuildPhase section */
		045325FE2A00E604006622FD /* Sources */ = {
			isa = PBXSourcesBuildPhase;
			buildActionMask = 2147483647;
			files = (
				0453261A2A00E63B006622FD /* DataAddViewController.swift in Sources */,
				0453260A2A00E604006622FD /* ViewController.swift in Sources */,
				045326062A00E604006622FD /* AppDelegate.swift in Sources */,
				0453261C2A00E94E006622FD /* Student.swift in Sources */,
				045326082A00E604006622FD /* SceneDelegate.swift in Sources */,
			);
			runOnlyForDeploymentPostprocessing = 0;
		};
/* End PBXSourcesBuildPhase section */

/* Begin PBXVariantGroup section */
		0453260B2A00E604006622FD /* Main.storyboard */ = {
			isa = PBXVariantGroup;
			children = (
				0453260C2A00E604006622FD /* Base */,
			);
			name = Main.storyboard;
			sourceTree = "<group>";
		};
		045326102A00E606006622FD /* LaunchScreen.storyboard */ = {
			isa = PBXVariantGroup;
			children = (
				045326112A00E606006622FD /* Base */,
			);
			name = LaunchScreen.storyboard;
			sourceTree = "<group>";
		};
/* End PBXVariantGroup section */

/* Begin XCBuildConfiguration section */
		045326142A00E606006622FD /* Debug */ = {
			isa = XCBuildConfiguration;
			buildSettings = {
				ALWAYS_SEARCH_USER_PATHS = NO;
				CLANG_ANALYZER_NONNULL = YES;
				CLANG_ANALYZER_NUMBER_OBJECT_CONVERSION = YES_AGGRESSIVE;
				CLANG_CXX_LANGUAGE_STANDARD = "gnu++20";
				CLANG_ENABLE_MODULES = YES;
				CLANG_ENABLE_OBJC_ARC = YES;
				CLANG_ENABLE_OBJC_WEAK = YES;
				CLANG_WARN_BLOCK_CAPTURE_AUTORELEASING = YES;
				CLANG_WARN_BOOL_CONVERSION = YES;
				CLANG_WARN_COMMA = YES;
				CLANG_WARN_CONSTANT_CONVERSION = YES;
				CLANG_WARN_DEPRECATED_OBJC_IMPLEMENTATIONS = YES;
				CLANG_WARN_DIRECT_OBJC_ISA_USAGE = YES_ERROR;
				CLANG_WARN_DOCUMENTATION_COMMENTS = YES;
				CLANG_WARN_EMPTY_BODY = YES;
				CLANG_WARN_ENUM_CONVERSION = YES;
				CLANG_WARN_INFINITE_RECURSION = YES;
				CLANG_WARN_INT_CONVERSION = YES;
				CLANG_WARN_NON_LITERAL_NULL_CONVERSION = YES;
				CLANG_WARN_OBJC_IMPLICIT_RETAIN_SELF = YES;
				CLANG_WARN_OBJC_LITERAL_CONVERSION = YES;
				CLANG_WARN_OBJC_ROOT_CLASS = YES_ERROR;
				CLANG_WARN_QUOTED_INCLUDE_IN_FRAMEWORK_HEADER = YES;
				CLANG_WARN_RANGE_LOOP_ANALYSIS = YES;
				CLANG_WARN_STRICT_PROTOTYPES = YES;
				CLANG_WARN_SUSPICIOUS_MOVE = YES;
				CLANG_WARN_UNGUARDED_AVAILABILITY = YES_AGGRESSIVE;
				CLANG_WARN_UNREACHABLE_CODE = YES;
				CLANG_WARN__DUPLICATE_METHOD_MATCH = YES;
				COPY_PHASE_STRIP = NO;
				DEBUG_INFORMATION_FORMAT = dwarf;
				ENABLE_STRICT_OBJC_MSGSEND = YES;
				ENABLE_TESTABILITY = YES;
				GCC_C_LANGUAGE_STANDARD = gnu11;
				GCC_DYNAMIC_NO_PIC = NO;
				GCC_NO_COMMON_BLOCKS = YES;
				GCC_OPTIMIZATION_LEVEL = 0;
				GCC_PREPROCESSOR_DEFINITIONS = (
					"DEBUG=1",
					"$(inherited)",
				);
				GCC_WARN_64_TO_32_BIT_CONVERSION = YES;
				GCC_WARN_ABOUT_RETURN_TYPE = YES_ERROR;
				GCC_WARN_UNDECLARED_SELECTOR = YES;
				GCC_WARN_UNINITIALIZED_AUTOS = YES_AGGRESSIVE;
				GCC_WARN_UNUSED_FUNCTION = YES;
				GCC_WARN_UNUSED_VARIABLE = YES;
				IPHONEOS_DEPLOYMENT_TARGET = 16.1;
				MTL_ENABLE_DEBUG_INFO = INCLUDE_SOURCE;
				MTL_FAST_MATH = YES;
				ONLY_ACTIVE_ARCH = YES;
				SDKROOT = iphoneos;
				SWIFT_ACTIVE_COMPILATION_CONDITIONS = DEBUG;
				SWIFT_OPTIMIZATION_LEVEL = "-Onone";
			};
			name = Debug;
		};
		045326152A00E606006622FD /* Release */ = {
			isa = XCBuildConfiguration;
			buildSettings = {
				ALWAYS_SEARCH_USER_PATHS = NO;
				CLANG_ANALYZER_NONNULL = YES;
				CLANG_ANALYZER_NUMBER_OBJECT_CONVERSION = YES_AGGRESSIVE;
				CLANG_CXX_LANGUAGE_STANDARD = "gnu++20";
				CLANG_ENABLE_MODULES = YES;
				CLANG_ENABLE_OBJC_ARC = YES;
				CLANG_ENABLE_OBJC_WEAK = YES;
				CLANG_WARN_BLOCK_CAPTURE_AUTORELEASING = YES;
				CLANG_WARN_BOOL_CONVERSION = YES;
				CLANG_WARN_COMMA = YES;
				CLANG_WARN_CONSTANT_CONVERSION = YES;
				CLANG_WARN_DEPRECATED_OBJC_IMPLEMENTATIONS = YES;
				CLANG_WARN_DIRECT_OBJC_ISA_USAGE = YES_ERROR;
				CLANG_WARN_DOCUMENTATION_COMMENTS = YES;
				CLANG_WARN_EMPTY_BODY = YES;
				CLANG_WARN_ENUM_CONVERSION = YES;
				CLANG_WARN_INFINITE_RECURSION = YES;
				CLANG_WARN_INT_CONVERSION = YES;
				CLANG_WARN_NON_LITERAL_NULL_CONVERSION = YES;
				CLANG_WARN_OBJC_IMPLICIT_RETAIN_SELF = YES;
				CLANG_WARN_OBJC_LITERAL_CONVERSION = YES;
				CLANG_WARN_OBJC_ROOT_CLASS = YES_ERROR;
				CLANG_WARN_QUOTED_INCLUDE_IN_FRAMEWORK_HEADER = YES;
				CLANG_WARN_RANGE_LOOP_ANALYSIS = YES;
				CLANG_WARN_STRICT_PROTOTYPES = YES;
				CLANG_WARN_SUSPICIOUS_MOVE = YES;
				CLANG_WARN_UNGUARDED_AVAILABILITY = YES_AGGRESSIVE;
				CLANG_WARN_UNREACHABLE_CODE = YES;
				CLANG_WARN__DUPLICATE_METHOD_MATCH = YES;
				COPY_PHASE_STRIP = NO;
				DEBUG_INFORMATION_FORMAT = "dwarf-with-dsym";
				ENABLE_NS_ASSERTIONS = NO;
				ENABLE_STRICT_OBJC_MSGSEND = YES;
				GCC_C_LANGUAGE_STANDARD = gnu11;
				GCC_NO_COMMON_BLOCKS = YES;
				GCC_WARN_64_TO_32_BIT_CONVERSION = YES;
				GCC_WARN_ABOUT_RETURN_TYPE = YES_ERROR;
				GCC_WARN_UNDECLARED_SELECTOR = YES;
				GCC_WARN_UNINITIALIZED_AUTOS = YES_AGGRESSIVE;
				GCC_WARN_UNUSED_FUNCTION = YES;
				GCC_WARN_UNUSED_VARIABLE = YES;
				IPHONEOS_DEPLOYMENT_TARGET = 16.1;
				MTL_ENABLE_DEBUG_INFO = NO;
				MTL_FAST_MATH = YES;
				SDKROOT = iphoneos;
				SWIFT_COMPILATION_MODE = wholemodule;
				SWIFT_OPTIMIZATION_LEVEL = "-O";
				VALIDATE_PRODUCT = YES;
			};
			name = Release;
		};
		045326172A00E606006622FD /* Debug */ = {
			isa = XCBuildConfiguration;
			buildSettings = {
				ASSETCATALOG_COMPILER_APPICON_NAME = AppIcon;
				ASSETCATALOG_COMPILER_GLOBAL_ACCENT_COLOR_NAME = AccentColor;
				CODE_SIGN_STYLE = Automatic;
				CURRENT_PROJECT_VERSION = 1;
				DEVELOPMENT_TEAM = FRR57W434Y;
				GENERATE_INFOPLIST_FILE = YES;
				INFOPLIST_FILE = BackDataPassingUsingClosureWay2/Info.plist;
				INFOPLIST_KEY_UIApplicationSupportsIndirectInputEvents = YES;
				INFOPLIST_KEY_UILaunchStoryboardName = LaunchScreen;
				INFOPLIST_KEY_UIMainStoryboardFile = Main;
				INFOPLIST_KEY_UISupportedInterfaceOrientations_iPad = "UIInterfaceOrientationPortrait UIInterfaceOrientationPortraitUpsideDown UIInterfaceOrientationLandscapeLeft UIInterfaceOrientationLandscapeRight";
				INFOPLIST_KEY_UISupportedInterfaceOrientations_iPhone = "UIInterfaceOrientationPortrait UIInterfaceOrientationLandscapeLeft UIInterfaceOrientationLandscapeRight";
				LD_RUNPATH_SEARCH_PATHS = (
					"$(inherited)",
					"@executable_path/Frameworks",
				);
				MARKETING_VERSION = 1.0;
				PRODUCT_BUNDLE_IDENTIFIER = com.BackDataPassingUsingClosureWay2;
				PRODUCT_NAME = "$(TARGET_NAME)";
				SWIFT_EMIT_LOC_STRINGS = YES;
				SWIFT_VERSION = 5.0;
				TARGETED_DEVICE_FAMILY = "1,2";
			};
			name = Debug;
		};
		045326182A00E606006622FD /* Release */ = {
			isa = XCBuildConfiguration;
			buildSettings = {
				ASSETCATALOG_COMPILER_APPICON_NAME = AppIcon;
				ASSETCATALOG_COMPILER_GLOBAL_ACCENT_COLOR_NAME = AccentColor;
				CODE_SIGN_STYLE = Automatic;
				CURRENT_PROJECT_VERSION = 1;
				DEVELOPMENT_TEAM = FRR57W434Y;
				GENERATE_INFOPLIST_FILE = YES;
				INFOPLIST_FILE = BackDataPassingUsingClosureWay2/Info.plist;
				INFOPLIST_KEY_UIApplicationSupportsIndirectInputEvents = YES;
				INFOPLIST_KEY_UILaunchStoryboardName = LaunchScreen;
				INFOPLIST_KEY_UIMainStoryboardFile = Main;
				INFOPLIST_KEY_UISupportedInterfaceOrientations_iPad = "UIInterfaceOrientationPortrait UIInterfaceOrientationPortraitUpsideDown UIInterfaceOrientationLandscapeLeft UIInterfaceOrientationLandscapeRight";
				INFOPLIST_KEY_UISupportedInterfaceOrientations_iPhone = "UIInterfaceOrientationPortrait UIInterfaceOrientationLandscapeLeft UIInterfaceOrientationLandscapeRight";
				LD_RUNPATH_SEARCH_PATHS = (
					"$(inherited)",
					"@executable_path/Frameworks",
				);
				MARKETING_VERSION = 1.0;
				PRODUCT_BUNDLE_IDENTIFIER = com.BackDataPassingUsingClosureWay2;
				PRODUCT_NAME = "$(TARGET_NAME)";
				SWIFT_EMIT_LOC_STRINGS = YES;
				SWIFT_VERSION = 5.0;
				TARGETED_DEVICE_FAMILY = "1,2";
			};
			name = Release;
		};
/* End XCBuildConfiguration section */

/* Begin XCConfigurationList section */
		045325FD2A00E604006622FD /* Build configuration list for PBXProject "BackDataPassingUsingClosureWay2" */ = {
			isa = XCConfigurationList;
			buildConfigurations = (
				045326142A00E606006622FD /* Debug */,
				045326152A00E606006622FD /* Release */,
			);
			defaultConfigurationIsVisible = 0;
			defaultConfigurationName = Release;
		};
		045326162A00E606006622FD /* Build configuration list for PBXNativeTarget "BackDataPassingUsingClosureWay2" */ = {
			isa = XCConfigurationList;
			buildConfigurations = (
				045326172A00E606006622FD /* Debug */,
				045326182A00E606006622FD /* Release */,
			);
			defaultConfigurationIsVisible = 0;
			defaultConfigurationName = Release;
		};
/* End XCConfigurationList section */
	};
	rootObject = 045325FA2A00E604006622FD /* Project object */;
}
